
Microsoft Visual Studio Solution File, Format Version 12.00
# Visual Studio 15
VisualStudioVersion = 15.0.27428.2011
MinimumVisualStudioVersion = 10.0.40219.1
Project("{9A19103F-16F7-4668-BE54-9A1E7A4F7556}") = "SubSync", "src\SubSync\SubSync.csproj", "{A1B8C57E-2B99-4D21-A35E-D050F3BA279B}"
EndProject
Global
	GlobalSection(SolutionConfigurationPlatforms) = preSolution
		Debug|Any CPU = Debug|Any CPU
		Release|Any CPU = Release|Any CPU
	EndGlobalSection
	GlobalSection(ProjectConfigurationPlatforms) = postSolution
		{A1B8C57E-2B99-4D21-A35E-D050F3BA279B}.Debug|Any CPU.ActiveCfg = Debug|Any CPU
		{A1B8C57E-2B99-4D21-A35E-D050F3BA279B}.Debug|Any CPU.Build.0 = Debug|Any CPU
		{A1B8C57E-2B99-4D21-A35E-D050F3BA279B}.Release|Any CPU.ActiveCfg = Release|Any CPU
		{A1B8C57E-2B99-4D21-A35E-D050F3BA279B}.Release|Any CPU.Build.0 = Release|Any CPU
	EndGlobalSection
	GlobalSection(SolutionProperties) = preSolution
		HideSolutionNode = FALSE
	EndGlobalSection
	GlobalSection(ExtensibilityGlobals) = postSolution
		SolutionGuid = {1EBFA09F-C84B-4414-AAF2-998BD08F6A97}
	EndGlobalSection
EndGlobal
