
Microsoft Visual Studio Solution File, Format Version 12.00
# Visual Studio 15
VisualStudioVersion = 15.0.27428.2011
MinimumVisualStudioVersion = 10.0.40219.1
Project("{9A19103F-16F7-4668-BE54-9A1E7A4F7556}") = "SubSync", "src\SubSync\SubSync.csproj", "{A1B8C57E-2B99-4D21-A35E-D050F3BA279B}"
EndProject
Project("{2150E333-8FDC-42A3-9474-1A3956D46DE8}") = "src", "src", "{C182B254-972A-4CB2-8002-1653E0F24323}"
EndProject
Project("{2150E333-8FDC-42A3-9474-1A3956D46DE8}") = "tests", "tests", "{7D3E5130-833D-4426-9E7C-7D91CBA217B3}"
EndProject
Project("{9A19103F-16F7-4668-BE54-9A1E7A4F7556}") = "SubSync.Tests", "tests\SubSync.Tests\SubSync.Tests.csproj", "{71C95A54-2D86-4AC9-AE79-05CF93E063EA}"
EndProject
Project("{FAE04EC0-301F-11D3-BF4B-00C04F79EFBC}") = "SubSyncLib", "src\SubSyncLib\SubSyncLib.csproj", "{EFA46430-AEE1-47B4-89C9-80A94CF4649D}"
EndProject
Project("{FAE04EC0-301F-11D3-BF4B-00C04F79EFBC}") = "SubSync462", "src\SubSync462\SubSync462.csproj", "{17EDD74B-FEBF-4817-93F7-3E3221B32B18}"
EndProject
Global
	GlobalSection(SolutionConfigurationPlatforms) = preSolution
		Debug|Any CPU = Debug|Any CPU
		Release|Any CPU = Release|Any CPU
	EndGlobalSection
	GlobalSection(ProjectConfigurationPlatforms) = postSolution
		{A1B8C57E-2B99-4D21-A35E-D050F3BA279B}.Debug|Any CPU.ActiveCfg = Debug|Any CPU
		{A1B8C57E-2B99-4D21-A35E-D050F3BA279B}.Debug|Any CPU.Build.0 = Debug|Any CPU
		{A1B8C57E-2B99-4D21-A35E-D050F3BA279B}.Release|Any CPU.ActiveCfg = Release|Any CPU
		{A1B8C57E-2B99-4D21-A35E-D050F3BA279B}.Release|Any CPU.Build.0 = Release|Any CPU
		{71C95A54-2D86-4AC9-AE79-05CF93E063EA}.Debug|Any CPU.ActiveCfg = Debug|Any CPU
		{71C95A54-2D86-4AC9-AE79-05CF93E063EA}.Debug|Any CPU.Build.0 = Debug|Any CPU
		{71C95A54-2D86-4AC9-AE79-05CF93E063EA}.Release|Any CPU.ActiveCfg = Release|Any CPU
		{71C95A54-2D86-4AC9-AE79-05CF93E063EA}.Release|Any CPU.Build.0 = Release|Any CPU
		{EFA46430-AEE1-47B4-89C9-80A94CF4649D}.Debug|Any CPU.ActiveCfg = Debug|Any CPU
		{EFA46430-AEE1-47B4-89C9-80A94CF4649D}.Debug|Any CPU.Build.0 = Debug|Any CPU
		{EFA46430-AEE1-47B4-89C9-80A94CF4649D}.Release|Any CPU.ActiveCfg = Release|Any CPU
		{EFA46430-AEE1-47B4-89C9-80A94CF4649D}.Release|Any CPU.Build.0 = Release|Any CPU
		{17EDD74B-FEBF-4817-93F7-3E3221B32B18}.Debug|Any CPU.ActiveCfg = Debug|Any CPU
		{17EDD74B-FEBF-4817-93F7-3E3221B32B18}.Debug|Any CPU.Build.0 = Debug|Any CPU
		{17EDD74B-FEBF-4817-93F7-3E3221B32B18}.Release|Any CPU.ActiveCfg = Release|Any CPU
		{17EDD74B-FEBF-4817-93F7-3E3221B32B18}.Release|Any CPU.Build.0 = Release|Any CPU
	EndGlobalSection
	GlobalSection(SolutionProperties) = preSolution
		HideSolutionNode = FALSE
	EndGlobalSection
	GlobalSection(NestedProjects) = preSolution
		{A1B8C57E-2B99-4D21-A35E-D050F3BA279B} = {C182B254-972A-4CB2-8002-1653E0F24323}
		{71C95A54-2D86-4AC9-AE79-05CF93E063EA} = {7D3E5130-833D-4426-9E7C-7D91CBA217B3}
		{EFA46430-AEE1-47B4-89C9-80A94CF4649D} = {C182B254-972A-4CB2-8002-1653E0F24323}
		{17EDD74B-FEBF-4817-93F7-3E3221B32B18} = {C182B254-972A-4CB2-8002-1653E0F24323}
	EndGlobalSection
	GlobalSection(ExtensibilityGlobals) = postSolution
		SolutionGuid = {1EBFA09F-C84B-4414-AAF2-998BD08F6A97}
	EndGlobalSection
EndGlobal
